{
  "nodes": {
    "flake-utils": {
      "locked": {
        "lastModified": 1659877975,
        "narHash": "sha256-zllb8aq3YO3h8B/U0/J1WBgAL8EX5yWf5pMj3G0NAmc=",
        "owner": "numtide",
        "repo": "flake-utils",
        "rev": "c0e246b9b83f637f4681389ecabcb2681b4f3af0",
        "type": "github"
      },
      "original": {
        "owner": "numtide",
        "repo": "flake-utils",
        "type": "github"
      }
    },
    "nixpkgs": {
      "locked": {
        "lastModified": 1661722992,
        "narHash": "sha256-bWH3Ut4lQvcMZqkmv8oBO/swNsP5oiBzci6QwNDJ+8c=",
        "owner": "NixOS",
        "repo": "nixpkgs",
        "rev": "d6bd5994f166fb5406998c734d3fe9776087d05b",
        "type": "github"
      },
      "original": {
        "owner": "NixOS",
        "repo": "nixpkgs",
        "type": "github"
      }
    },
    "opam-repository": {
      "flake": false,
      "locked": {
        "lastModified": 1661675991,
        "narHash": "sha256-oARmpd4j8IOvLzC8RqZ8MBDzAvTjI1BdeUbEL59T99A=",
        "owner": "ocaml",
        "repo": "opam-repository",
        "rev": "f904585098b809001380caada4b7426c112d086c",
        "type": "github"
      },
      "original": {
        "owner": "ocaml",
        "repo": "opam-repository",
        "type": "github"
      }
    },
    "root": {
      "inputs": {
        "flake-utils": "flake-utils",
        "nixpkgs": "nixpkgs",
        "opam-repository": "opam-repository"
      }
    }
  },
  "root": "root",
  "version": 7
}
