{
  "nodes": {
    "flake-utils": {
      "locked": {
        "lastModified": 1667395993,
        "narHash": "sha256-nuEHfE/LcWyuSWnS8t12N1wc105Qtau+/OdUAjtQ0rA=",
        "owner": "numtide",
        "repo": "flake-utils",
        "rev": "5aed5285a952e0b949eb3ba02c12fa4fcfef535f",
        "type": "github"
      },
      "original": {
        "owner": "numtide",
        "repo": "flake-utils",
        "type": "github"
      }
    },
    "nixpkgs": {
      "locked": {
        "lastModified": 1675591206,
        "narHash": "sha256-JArYU4yPt62EYjY3rducnPgAGnVXXSLaEcMtEcNYt5s=",
        "owner": "NixOS",
        "repo": "nixpkgs",
        "rev": "42b3a6354fde25436733f56eebcd17d3fdf857a3",
        "type": "github"
      },
      "original": {
        "owner": "NixOS",
        "repo": "nixpkgs",
        "type": "github"
      }
    },
    "opam-repository": {
      "flake": false,
      "locked": {
        "lastModified": 1675337719,
        "narHash": "sha256-7725Ihspm00xrb7Um9T7bVrCa1RtnPVzDFg2o7Q07Yk=",
        "owner": "ocaml",
        "repo": "opam-repository",
        "rev": "d85efebe53406a6e66eab6176e1ea2a4fede1740",
        "type": "github"
      },
      "original": {
        "owner": "ocaml",
        "repo": "opam-repository",
        "type": "github"
      }
    },
    "root": {
      "inputs": {
        "flake-utils": "flake-utils",
        "nixpkgs": "nixpkgs",
        "opam-repository": "opam-repository"
      }
    }
  },
  "root": "root",
  "version": 7
}
